
Microsoft Visual Studio Solution File, Format Version 12.00
# Visual Studio Version 17
VisualStudioVersion = 17.3.32929.385
MinimumVisualStudioVersion = 10.0.40219.1
Project("{FAE04EC0-301F-11D3-BF4B-00C04F79EFBC}") = "Simple Library Surfer", "Simple Library Surfer\Simple Library Surfer.csproj", "{ED948804-C3DA-4CE4-8B1D-77B9B85D4AD0}"
EndProject
Project("{54435603-DBB4-11D2-8724-00A0C9A8B90C}") = "SLS Installer", "SLS Installer\SLS Installer.vdproj", "{2E566C73-C98D-4DAA-A8F2-E155F7BB7648}"
EndProject
Global
	GlobalSection(SolutionConfigurationPlatforms) = preSolution
		Debug|Any CPU = Debug|Any CPU
		Release|Any CPU = Release|Any CPU
	EndGlobalSection
	GlobalSection(ProjectConfigurationPlatforms) = postSolution
		{ED948804-C3DA-4CE4-8B1D-77B9B85D4AD0}.Debug|Any CPU.ActiveCfg = Debug|Any CPU
		{ED948804-C3DA-4CE4-8B1D-77B9B85D4AD0}.Debug|Any CPU.Build.0 = Debug|Any CPU
		{ED948804-C3DA-4CE4-8B1D-77B9B85D4AD0}.Release|Any CPU.ActiveCfg = Release|Any CPU
		{ED948804-C3DA-4CE4-8B1D-77B9B85D4AD0}.Release|Any CPU.Build.0 = Release|Any CPU
		{2E566C73-C98D-4DAA-A8F2-E155F7BB7648}.Debug|Any CPU.ActiveCfg = Debug
		{2E566C73-C98D-4DAA-A8F2-E155F7BB7648}.Release|Any CPU.ActiveCfg = Release
	EndGlobalSection
	GlobalSection(SolutionProperties) = preSolution
		HideSolutionNode = FALSE
	EndGlobalSection
	GlobalSection(ExtensibilityGlobals) = postSolution
		SolutionGuid = {732B0263-0221-4FA2-8E1A-BAB77D35D9DB}
	EndGlobalSection
EndGlobal
